
Microsoft Visual Studio Solution File, Format Version 12.00
# Visual Studio Version 16
VisualStudioVersion = 16.0.30907.101
MinimumVisualStudioVersion = 10.0.40219.1
Project("{FAE04EC0-301F-11D3-BF4B-00C04F79EFBC}") = "OOP1", "OOP1\OOP1.csproj", "{B5DB4D0E-CA53-4198-AA63-44D22A3EACB7}"
EndProject
Project("{FAE04EC0-301F-11D3-BF4B-00C04F79EFBC}") = "Colections", "Colections\Colections.csproj", "{7BB31150-1014-48A0-9C1D-1BCC62C14740}"
EndProject
Project("{FAE04EC0-301F-11D3-BF4B-00C04F79EFBC}") = "GenericsIntro", "GenericsIntro\GenericsIntro.csproj", "{7B3AFF0E-00AF-482D-9B95-7634A6DDCE1B}"
EndProject
Global
	GlobalSection(SolutionConfigurationPlatforms) = preSolution
		Debug|Any CPU = Debug|Any CPU
		Release|Any CPU = Release|Any CPU
	EndGlobalSection
	GlobalSection(ProjectConfigurationPlatforms) = postSolution
		{B5DB4D0E-CA53-4198-AA63-44D22A3EACB7}.Debug|Any CPU.ActiveCfg = Debug|Any CPU
		{B5DB4D0E-CA53-4198-AA63-44D22A3EACB7}.Debug|Any CPU.Build.0 = Debug|Any CPU
		{B5DB4D0E-CA53-4198-AA63-44D22A3EACB7}.Release|Any CPU.ActiveCfg = Release|Any CPU
		{B5DB4D0E-CA53-4198-AA63-44D22A3EACB7}.Release|Any CPU.Build.0 = Release|Any CPU
		{7BB31150-1014-48A0-9C1D-1BCC62C14740}.Debug|Any CPU.ActiveCfg = Debug|Any CPU
		{7BB31150-1014-48A0-9C1D-1BCC62C14740}.Debug|Any CPU.Build.0 = Debug|Any CPU
		{7BB31150-1014-48A0-9C1D-1BCC62C14740}.Release|Any CPU.ActiveCfg = Release|Any CPU
		{7BB31150-1014-48A0-9C1D-1BCC62C14740}.Release|Any CPU.Build.0 = Release|Any CPU
		{7B3AFF0E-00AF-482D-9B95-7634A6DDCE1B}.Debug|Any CPU.ActiveCfg = Debug|Any CPU
		{7B3AFF0E-00AF-482D-9B95-7634A6DDCE1B}.Debug|Any CPU.Build.0 = Debug|Any CPU
		{7B3AFF0E-00AF-482D-9B95-7634A6DDCE1B}.Release|Any CPU.ActiveCfg = Release|Any CPU
		{7B3AFF0E-00AF-482D-9B95-7634A6DDCE1B}.Release|Any CPU.Build.0 = Release|Any CPU
	EndGlobalSection
	GlobalSection(SolutionProperties) = preSolution
		HideSolutionNode = FALSE
	EndGlobalSection
	GlobalSection(ExtensibilityGlobals) = postSolution
		SolutionGuid = {6891B883-3840-43AE-A005-575379E8A8C6}
	EndGlobalSection
EndGlobal
